
Microsoft Visual Studio Solution File, Format Version 12.00
# Visual Studio Version 17
VisualStudioVersion = 17.0.32014.148
MinimumVisualStudioVersion = 10.0.40219.1
Project("{FAE04EC0-301F-11D3-BF4B-00C04F79EFBC}") = "TempleNotebook", "TempleNotebook\TempleNotebook.csproj", "{8ADADA0A-73BF-4978-8E09-C06D16E9337F}"
EndProject
Global
	GlobalSection(SolutionConfigurationPlatforms) = preSolution
		Debug|Any CPU = Debug|Any CPU
		Release|Any CPU = Release|Any CPU
	EndGlobalSection
	GlobalSection(ProjectConfigurationPlatforms) = postSolution
		{8ADADA0A-73BF-4978-8E09-C06D16E9337F}.Debug|Any CPU.ActiveCfg = Debug|Any CPU
		{8ADADA0A-73BF-4978-8E09-C06D16E9337F}.Debug|Any CPU.Build.0 = Debug|Any CPU
		{8ADADA0A-73BF-4978-8E09-C06D16E9337F}.Release|Any CPU.ActiveCfg = Release|Any CPU
		{8ADADA0A-73BF-4978-8E09-C06D16E9337F}.Release|Any CPU.Build.0 = Release|Any CPU
	EndGlobalSection
	GlobalSection(SolutionProperties) = preSolution
		HideSolutionNode = FALSE
	EndGlobalSection
	GlobalSection(ExtensibilityGlobals) = postSolution
		SolutionGuid = {B607830F-F182-47D8-9134-6D2B3FFBA32F}
	EndGlobalSection
EndGlobal
