
Microsoft Visual Studio Solution File, Format Version 12.00
# Visual Studio Version 17
VisualStudioVersion = 17.0.32014.148
MinimumVisualStudioVersion = 10.0.40219.1
Project("{FAE04EC0-301F-11D3-BF4B-00C04F79EFBC}") = "VoiceRecorder", "VoiceRecorder\VoiceRecorder.csproj", "{9F1AA6E1-A068-4CE6-9BE9-CD4591FFBEBE}"
EndProject
Global
	GlobalSection(SolutionConfigurationPlatforms) = preSolution
		Debug|Any CPU = Debug|Any CPU
		Release|Any CPU = Release|Any CPU
	EndGlobalSection
	GlobalSection(ProjectConfigurationPlatforms) = postSolution
		{9F1AA6E1-A068-4CE6-9BE9-CD4591FFBEBE}.Debug|Any CPU.ActiveCfg = Debug|Any CPU
		{9F1AA6E1-A068-4CE6-9BE9-CD4591FFBEBE}.Debug|Any CPU.Build.0 = Debug|Any CPU
		{9F1AA6E1-A068-4CE6-9BE9-CD4591FFBEBE}.Release|Any CPU.ActiveCfg = Release|Any CPU
		{9F1AA6E1-A068-4CE6-9BE9-CD4591FFBEBE}.Release|Any CPU.Build.0 = Release|Any CPU
	EndGlobalSection
	GlobalSection(SolutionProperties) = preSolution
		HideSolutionNode = FALSE
	EndGlobalSection
	GlobalSection(ExtensibilityGlobals) = postSolution
		SolutionGuid = {65CEBFC7-6205-4C55-917E-8336A16CA16A}
	EndGlobalSection
EndGlobal
