
Microsoft Visual Studio Solution File, Format Version 12.00
# Visual Studio Version 17
VisualStudioVersion = 17.0.32014.148
MinimumVisualStudioVersion = 10.0.40219.1
Project("{FAE04EC0-301F-11D3-BF4B-00C04F79EFBC}") = "QueueManager", "QueueManager\QueueManager.csproj", "{D16A1C82-8941-4AE6-9DB0-B10EB3738283}"
EndProject
Global
	GlobalSection(SolutionConfigurationPlatforms) = preSolution
		Debug|Any CPU = Debug|Any CPU
		Release|Any CPU = Release|Any CPU
	EndGlobalSection
	GlobalSection(ProjectConfigurationPlatforms) = postSolution
		{D16A1C82-8941-4AE6-9DB0-B10EB3738283}.Debug|Any CPU.ActiveCfg = Debug|Any CPU
		{D16A1C82-8941-4AE6-9DB0-B10EB3738283}.Debug|Any CPU.Build.0 = Debug|Any CPU
		{D16A1C82-8941-4AE6-9DB0-B10EB3738283}.Release|Any CPU.ActiveCfg = Release|Any CPU
		{D16A1C82-8941-4AE6-9DB0-B10EB3738283}.Release|Any CPU.Build.0 = Release|Any CPU
	EndGlobalSection
	GlobalSection(SolutionProperties) = preSolution
		HideSolutionNode = FALSE
	EndGlobalSection
	GlobalSection(ExtensibilityGlobals) = postSolution
		SolutionGuid = {50030611-3360-4757-ACA8-87D866B98249}
	EndGlobalSection
EndGlobal
